
Microsoft Visual Studio Solution File, Format Version 12.00
# Visual Studio Version 17
VisualStudioVersion = 17.0.31903.59
MinimumVisualStudioVersion = 10.0.40219.1
Project("{2150E333-8FDC-42A3-9474-1A3956D46DE8}") = "src", "src", "{8B8C3D33-1ABC-4A63-9F8C-8F83A7B9F2E1}"
EndProject
Project("{F2A71F9B-5D33-465A-A702-920D77279786}") = "WhisperFS.Core", "src\WhisperFS.Core\WhisperFS.Core.fsproj", "{A1B2C3D4-1234-5678-9ABC-DEF012345678}"
EndProject
Project("{F2A71F9B-5D33-465A-A702-920D77279786}") = "WhisperFS.Native", "src\WhisperFS.Native\WhisperFS.Native.fsproj", "{B2C3D4E5-2345-6789-ABCD-EF0123456789}"
EndProject
Project("{F2A71F9B-5D33-465A-A702-920D77279786}") = "WhisperFS.Runtime", "src\WhisperFS.Runtime\WhisperFS.Runtime.fsproj", "{C3D4E5F6-3456-789A-BCDE-F01234567890}"
EndProject
Project("{2150E333-8FDC-42A3-9474-1A3956D46DE8}") = "tests", "tests", "{9C9D4E44-2BCD-4A74-A085-9F94B8C0F3E2}"
EndProject
Project("{F2A71F9B-5D33-465A-A702-920D77279786}") = "WhisperFS.Tests", "tests\WhisperFS.Tests\WhisperFS.Tests.fsproj", "{D4E5F6A7-4567-89AB-CDEF-012345678901}"
EndProject
Project("{F2A71F9B-5D33-465A-A702-920D77279786}") = "WhisperFS", "src\WhisperFS\WhisperFS.fsproj", "{5EAE6B5A-B6FD-49B8-8878-E51228DF0D22}"
EndProject
Global
	GlobalSection(SolutionConfigurationPlatforms) = preSolution
		Debug|Any CPU = Debug|Any CPU
		Debug|x64 = Debug|x64
		Debug|x86 = Debug|x86
		Release|Any CPU = Release|Any CPU
		Release|x64 = Release|x64
		Release|x86 = Release|x86
	EndGlobalSection
	GlobalSection(ProjectConfigurationPlatforms) = postSolution
		{A1B2C3D4-1234-5678-9ABC-DEF012345678}.Debug|Any CPU.ActiveCfg = Debug|Any CPU
		{A1B2C3D4-1234-5678-9ABC-DEF012345678}.Debug|Any CPU.Build.0 = Debug|Any CPU
		{A1B2C3D4-1234-5678-9ABC-DEF012345678}.Debug|x64.ActiveCfg = Debug|Any CPU
		{A1B2C3D4-1234-5678-9ABC-DEF012345678}.Debug|x64.Build.0 = Debug|Any CPU
		{A1B2C3D4-1234-5678-9ABC-DEF012345678}.Debug|x86.ActiveCfg = Debug|Any CPU
		{A1B2C3D4-1234-5678-9ABC-DEF012345678}.Debug|x86.Build.0 = Debug|Any CPU
		{A1B2C3D4-1234-5678-9ABC-DEF012345678}.Release|Any CPU.ActiveCfg = Release|Any CPU
		{A1B2C3D4-1234-5678-9ABC-DEF012345678}.Release|Any CPU.Build.0 = Release|Any CPU
		{A1B2C3D4-1234-5678-9ABC-DEF012345678}.Release|x64.ActiveCfg = Release|Any CPU
		{A1B2C3D4-1234-5678-9ABC-DEF012345678}.Release|x64.Build.0 = Release|Any CPU
		{A1B2C3D4-1234-5678-9ABC-DEF012345678}.Release|x86.ActiveCfg = Release|Any CPU
		{A1B2C3D4-1234-5678-9ABC-DEF012345678}.Release|x86.Build.0 = Release|Any CPU
		{B2C3D4E5-2345-6789-ABCD-EF0123456789}.Debug|Any CPU.ActiveCfg = Debug|Any CPU
		{B2C3D4E5-2345-6789-ABCD-EF0123456789}.Debug|Any CPU.Build.0 = Debug|Any CPU
		{B2C3D4E5-2345-6789-ABCD-EF0123456789}.Debug|x64.ActiveCfg = Debug|Any CPU
		{B2C3D4E5-2345-6789-ABCD-EF0123456789}.Debug|x64.Build.0 = Debug|Any CPU
		{B2C3D4E5-2345-6789-ABCD-EF0123456789}.Debug|x86.ActiveCfg = Debug|Any CPU
		{B2C3D4E5-2345-6789-ABCD-EF0123456789}.Debug|x86.Build.0 = Debug|Any CPU
		{B2C3D4E5-2345-6789-ABCD-EF0123456789}.Release|Any CPU.ActiveCfg = Release|Any CPU
		{B2C3D4E5-2345-6789-ABCD-EF0123456789}.Release|Any CPU.Build.0 = Release|Any CPU
		{B2C3D4E5-2345-6789-ABCD-EF0123456789}.Release|x64.ActiveCfg = Release|Any CPU
		{B2C3D4E5-2345-6789-ABCD-EF0123456789}.Release|x64.Build.0 = Release|Any CPU
		{B2C3D4E5-2345-6789-ABCD-EF0123456789}.Release|x86.ActiveCfg = Release|Any CPU
		{B2C3D4E5-2345-6789-ABCD-EF0123456789}.Release|x86.Build.0 = Release|Any CPU
		{C3D4E5F6-3456-789A-BCDE-F01234567890}.Debug|Any CPU.ActiveCfg = Debug|Any CPU
		{C3D4E5F6-3456-789A-BCDE-F01234567890}.Debug|Any CPU.Build.0 = Debug|Any CPU
		{C3D4E5F6-3456-789A-BCDE-F01234567890}.Debug|x64.ActiveCfg = Debug|Any CPU
		{C3D4E5F6-3456-789A-BCDE-F01234567890}.Debug|x64.Build.0 = Debug|Any CPU
		{C3D4E5F6-3456-789A-BCDE-F01234567890}.Debug|x86.ActiveCfg = Debug|Any CPU
		{C3D4E5F6-3456-789A-BCDE-F01234567890}.Debug|x86.Build.0 = Debug|Any CPU
		{C3D4E5F6-3456-789A-BCDE-F01234567890}.Release|Any CPU.ActiveCfg = Release|Any CPU
		{C3D4E5F6-3456-789A-BCDE-F01234567890}.Release|Any CPU.Build.0 = Release|Any CPU
		{C3D4E5F6-3456-789A-BCDE-F01234567890}.Release|x64.ActiveCfg = Release|Any CPU
		{C3D4E5F6-3456-789A-BCDE-F01234567890}.Release|x64.Build.0 = Release|Any CPU
		{C3D4E5F6-3456-789A-BCDE-F01234567890}.Release|x86.ActiveCfg = Release|Any CPU
		{C3D4E5F6-3456-789A-BCDE-F01234567890}.Release|x86.Build.0 = Release|Any CPU
		{D4E5F6A7-4567-89AB-CDEF-012345678901}.Debug|Any CPU.ActiveCfg = Debug|Any CPU
		{D4E5F6A7-4567-89AB-CDEF-012345678901}.Debug|Any CPU.Build.0 = Debug|Any CPU
		{D4E5F6A7-4567-89AB-CDEF-012345678901}.Debug|x64.ActiveCfg = Debug|Any CPU
		{D4E5F6A7-4567-89AB-CDEF-012345678901}.Debug|x64.Build.0 = Debug|Any CPU
		{D4E5F6A7-4567-89AB-CDEF-012345678901}.Debug|x86.ActiveCfg = Debug|Any CPU
		{D4E5F6A7-4567-89AB-CDEF-012345678901}.Debug|x86.Build.0 = Debug|Any CPU
		{D4E5F6A7-4567-89AB-CDEF-012345678901}.Release|Any CPU.ActiveCfg = Release|Any CPU
		{D4E5F6A7-4567-89AB-CDEF-012345678901}.Release|Any CPU.Build.0 = Release|Any CPU
		{D4E5F6A7-4567-89AB-CDEF-012345678901}.Release|x64.ActiveCfg = Release|Any CPU
		{D4E5F6A7-4567-89AB-CDEF-012345678901}.Release|x64.Build.0 = Release|Any CPU
		{D4E5F6A7-4567-89AB-CDEF-012345678901}.Release|x86.ActiveCfg = Release|Any CPU
		{D4E5F6A7-4567-89AB-CDEF-012345678901}.Release|x86.Build.0 = Release|Any CPU
		{5EAE6B5A-B6FD-49B8-8878-E51228DF0D22}.Debug|Any CPU.ActiveCfg = Debug|Any CPU
		{5EAE6B5A-B6FD-49B8-8878-E51228DF0D22}.Debug|Any CPU.Build.0 = Debug|Any CPU
		{5EAE6B5A-B6FD-49B8-8878-E51228DF0D22}.Debug|x64.ActiveCfg = Debug|Any CPU
		{5EAE6B5A-B6FD-49B8-8878-E51228DF0D22}.Debug|x64.Build.0 = Debug|Any CPU
		{5EAE6B5A-B6FD-49B8-8878-E51228DF0D22}.Debug|x86.ActiveCfg = Debug|Any CPU
		{5EAE6B5A-B6FD-49B8-8878-E51228DF0D22}.Debug|x86.Build.0 = Debug|Any CPU
		{5EAE6B5A-B6FD-49B8-8878-E51228DF0D22}.Release|Any CPU.ActiveCfg = Release|Any CPU
		{5EAE6B5A-B6FD-49B8-8878-E51228DF0D22}.Release|Any CPU.Build.0 = Release|Any CPU
		{5EAE6B5A-B6FD-49B8-8878-E51228DF0D22}.Release|x64.ActiveCfg = Release|Any CPU
		{5EAE6B5A-B6FD-49B8-8878-E51228DF0D22}.Release|x64.Build.0 = Release|Any CPU
		{5EAE6B5A-B6FD-49B8-8878-E51228DF0D22}.Release|x86.ActiveCfg = Release|Any CPU
		{5EAE6B5A-B6FD-49B8-8878-E51228DF0D22}.Release|x86.Build.0 = Release|Any CPU
	EndGlobalSection
	GlobalSection(SolutionProperties) = preSolution
		HideSolutionNode = FALSE
	EndGlobalSection
	GlobalSection(NestedProjects) = preSolution
		{A1B2C3D4-1234-5678-9ABC-DEF012345678} = {8B8C3D33-1ABC-4A63-9F8C-8F83A7B9F2E1}
		{B2C3D4E5-2345-6789-ABCD-EF0123456789} = {8B8C3D33-1ABC-4A63-9F8C-8F83A7B9F2E1}
		{C3D4E5F6-3456-789A-BCDE-F01234567890} = {8B8C3D33-1ABC-4A63-9F8C-8F83A7B9F2E1}
		{D4E5F6A7-4567-89AB-CDEF-012345678901} = {9C9D4E44-2BCD-4A74-A085-9F94B8C0F3E2}
		{5EAE6B5A-B6FD-49B8-8878-E51228DF0D22} = {8B8C3D33-1ABC-4A63-9F8C-8F83A7B9F2E1}
	EndGlobalSection
EndGlobal
